
Microsoft Visual Studio Solution File, Format Version 12.00
# Visual Studio Version 16
VisualStudioVersion = 16.0.29418.71
MinimumVisualStudioVersion = 10.0.40219.1
Project("{FAE04EC0-301F-11D3-BF4B-00C04F79EFBC}") = "DungeonMapper2", "DungeonMapper2\DungeonMapper2.csproj", "{E78E1952-FB77-4755-BB5A-365A6319A17E}"
EndProject
Global
	GlobalSection(SolutionConfigurationPlatforms) = preSolution
		Debug|Any CPU = Debug|Any CPU
		Release|Any CPU = Release|Any CPU
	EndGlobalSection
	GlobalSection(ProjectConfigurationPlatforms) = postSolution
		{E78E1952-FB77-4755-BB5A-365A6319A17E}.Debug|Any CPU.ActiveCfg = Debug|Any CPU
		{E78E1952-FB77-4755-BB5A-365A6319A17E}.Debug|Any CPU.Build.0 = Debug|Any CPU
		{E78E1952-FB77-4755-BB5A-365A6319A17E}.Release|Any CPU.ActiveCfg = Release|Any CPU
		{E78E1952-FB77-4755-BB5A-365A6319A17E}.Release|Any CPU.Build.0 = Release|Any CPU
	EndGlobalSection
	GlobalSection(SolutionProperties) = preSolution
		HideSolutionNode = FALSE
	EndGlobalSection
	GlobalSection(ExtensibilityGlobals) = postSolution
		SolutionGuid = {4E2D721C-DB87-4BEF-9357-6634F299C8A6}
	EndGlobalSection
EndGlobal
